// !$*UTF8*$!
{
	archiveVersion = 1;
	classes = {
	};
	objectVersion = 46;
	objects = {

/* Begin PBXBuildFile section */
		7B187047C17EE74EA1F2E6FD /* libPods-TestPods.a in Frameworks */ = {isa = PBXBuildFile; fileRef = A569C251BE2769F9526C438D /* libPods-TestPods.a */; };
		9675C1161EE8E5A800A6B78E /* main.m in Sources */ = {isa = PBXBuildFile; fileRef = 9675C1151EE8E5A800A6B78E /* main.m */; };
		9675C1191EE8E5A800A6B78E /* AppDelegate.m in Sources */ = {isa = PBXBuildFile; fileRef = 9675C1181EE8E5A800A6B78E /* AppDelegate.m */; };
		9675C11C1EE8E5A800A6B78E /* ViewController.m in Sources */ = {isa = PBXBuildFile; fileRef = 9675C11B1EE8E5A800A6B78E /* ViewController.m */; };
		9675C1211EE8E5A800A6B78E /* Assets.xcassets in Resources */ = {isa = PBXBuildFile; fileRef = 9675C1201EE8E5A800A6B78E /* Assets.xcassets */; };
/* End PBXBuildFile section */

/* Begin PBXFileReference section */
		6A0A3F95BABD4CDB395069E2 /* Pods-TestPods.release.xcconfig */ = {isa = PBXFileReference; includeInIndex = 1; lastKnownFileType = text.xcconfig; name = "Pods-TestPods.release.xcconfig"; path = "Pods/Target Support Files/Pods-TestPods/Pods-TestPods.release.xcconfig"; sourceTree = "<group>"; };
		9675C1111EE8E5A800A6B78E /* TestPods.app */ = {isa = PBXFileReference; explicitFileType = wrapper.application; includeInIndex = 0; path = TestPods.app; sourceTree = BUILT_PRODUCTS_DIR; };
		9675C1151EE8E5A800A6B78E /* main.m */ = {isa = PBXFileReference; lastKnownFileType = sourcecode.c.objc; path = main.m; sourceTree = "<group>"; };
		9675C1171EE8E5A800A6B78E /* AppDelegate.h */ = {isa = PBXFileReference; lastKnownFileType = sourcecode.c.h; path = AppDelegate.h; sourceTree = "<group>"; };
		9675C1181EE8E5A800A6B78E /* AppDelegate.m */ = {isa = PBXFileReference; lastKnownFileType = sourcecode.c.objc; path = AppDelegate.m; sourceTree = "<group>"; };
		9675C11A1EE8E5A800A6B78E /* ViewController.h */ = {isa = PBXFileReference; lastKnownFileType = sourcecode.c.h; path = ViewController.h; sourceTree = "<group>"; };
		9675C11B1EE8E5A800A6B78E /* ViewController.m */ = {isa = PBXFileReference; lastKnownFileType = sourcecode.c.objc; path = ViewController.m; sourceTree = "<group>"; };
		9675C1201EE8E5A800A6B78E /* Assets.xcassets */ = {isa = PBXFileReference; lastKnownFileType = folder.assetcatalog; path = Assets.xcassets; sourceTree = "<group>"; };
		9675C1251EE8E5A900A6B78E /* Info.plist */ = {isa = PBXFileReference; lastKnownFileType = text.plist.xml; path = Info.plist; sourceTree = "<group>"; };
		A569C251BE2769F9526C438D /* libPods-TestPods.a */ = {isa = PBXFileReference; explicitFileType = archive.ar; includeInIndex = 0; path = "libPods-TestPods.a"; sourceTree = BUILT_PRODUCTS_DIR; };
		AE22A66A585FDC6B498CC83A /* Pods-TestPods.debug.xcconfig */ = {isa = PBXFileReference; includeInIndex = 1; lastKnownFileType = text.xcconfig; name = "Pods-TestPods.debug.xcconfig"; path = "Pods/Target Support Files/Pods-TestPods/Pods-TestPods.debug.xcconfig"; sourceTree = "<group>"; };
/* End PBXFileReference section */

/* Begin PBXFrameworksBuildPhase section */
		9675C10E1EE8E5A800A6B78E /* Frameworks */ = {
			isa = PBXFrameworksBuildPhase;
			buildActionMask = 2147483647;
			files = (
				7B187047C17EE74EA1F2E6FD /* libPods-TestPods.a in Frameworks */,
			);
			runOnlyForDeploymentPostprocessing = 0;
		};
/* End PBXFrameworksBuildPhase section */

/* Begin PBXGroup section */
		8CB1282D45C6E61EB922CD0D /* Pods */ = {
			isa = PBXGroup;
			children = (
				AE22A66A585FDC6B498CC83A /* Pods-TestPods.debug.xcconfig */,
				6A0A3F95BABD4CDB395069E2 /* Pods-TestPods.release.xcconfig */,
			);
			name = Pods;
			sourceTree = "<group>";
		};
		9675C1081EE8E5A800A6B78E = {
			isa = PBXGroup;
			children = (
				9675C1131EE8E5A800A6B78E /* TestPods */,
				9675C1121EE8E5A800A6B78E /* Products */,
				8CB1282D45C6E61EB922CD0D /* Pods */,
				F0B64581C8830B6068C15E36 /* Frameworks */,
			);
			sourceTree = "<group>";
		};
		9675C1121EE8E5A800A6B78E /* Products */ = {
			isa = PBXGroup;
			children = (
				9675C1111EE8E5A800A6B78E /* TestPods.app */,
			);
			name = Products;
			sourceTree = "<group>";
		};
		9675C1131EE8E5A800A6B78E /* TestPods */ = {
			isa = PBXGroup;
			children = (
				9675C1171EE8E5A800A6B78E /* AppDelegate.h */,
				9675C1181EE8E5A800A6B78E /* AppDelegate.m */,
				9675C11A1EE8E5A800A6B78E /* ViewController.h */,
				9675C11B1EE8E5A800A6B78E /* ViewController.m */,
				9675C1201EE8E5A800A6B78E /* Assets.xcassets */,
				9675C1251EE8E5A900A6B78E /* Info.plist */,
				9675C1141EE8E5A800A6B78E /* Supporting Files */,
			);
			path = TestPods;
			sourceTree = "<group>";
		};
		9675C1141EE8E5A800A6B78E /* Supporting Files */ = {
			isa = PBXGroup;
			children = (
				9675C1151EE8E5A800A6B78E /* main.m */,
			);
			name = "Supporting Files";
			sourceTree = "<group>";
		};
		F0B64581C8830B6068C15E36 /* Frameworks */ = {
			isa = PBXGroup;
			children = (
				A569C251BE2769F9526C438D /* libPods-TestPods.a */,
			);
			name = Frameworks;
			sourceTree = "<group>";
		};
/* End PBXGroup section */

/* Begin PBXNativeTarget section */
		9675C1101EE8E5A800A6B78E /* TestPods */ = {
			isa = PBXNativeTarget;
			buildConfigurationList = 9675C1281EE8E5A900A6B78E /* Build configuration list for PBXNativeTarget "TestPods" */;
			buildPhases = (
				6AC10B35560F8CF79D38DF45 /* [CP] Check Pods Manifest.lock */,
				9675C10D1EE8E5A800A6B78E /* Sources */,
				9675C10E1EE8E5A800A6B78E /* Frameworks */,
				9675C10F1EE8E5A800A6B78E /* Resources */,
				001B922CAF5CB782CEC9ABCF /* [CP] Embed Pods Frameworks */,
				EACC02A94EBD78D7E1070540 /* [CP] Copy Pods Resources */,
			);
			buildRules = (
			);
			dependencies = (
			);
			name = TestPods;
			productName = TestPods;
			productReference = 9675C1111EE8E5A800A6B78E /* TestPods.app */;
			productType = "com.apple.product-type.application";
		};
/* End PBXNativeTarget section */

/* Begin PBXProject section */
		9675C1091EE8E5A800A6B78E /* Project object */ = {
			isa = PBXProject;
			attributes = {
				LastUpgradeCheck = 0820;
				ORGANIZATIONNAME = TestPods;
				TargetAttributes = {
					9675C1101EE8E5A800A6B78E = {
						CreatedOnToolsVersion = 8.2.1;
						DevelopmentTeam = NK22HY3LBA;
						ProvisioningStyle = Automatic;
					};
				};
			};
			buildConfigurationList = 9675C10C1EE8E5A800A6B78E /* Build configuration list for PBXProject "TestPods" */;
			compatibilityVersion = "Xcode 3.2";
			developmentRegion = English;
			hasScannedForEncodings = 0;
			knownRegions = (
				en,
				Base,
			);
			mainGroup = 9675C1081EE8E5A800A6B78E;
			productRefGroup = 9675C1121EE8E5A800A6B78E /* Products */;
			projectDirPath = "";
			projectRoot = "";
			targets = (
				9675C1101EE8E5A800A6B78E /* TestPods */,
			);
		};
/* End PBXProject section */

/* Begin PBXResourcesBuildPhase section */
		9675C10F1EE8E5A800A6B78E /* Resources */ = {
			isa = PBXResourcesBuildPhase;
			buildActionMask = 2147483647;
			files = (
				9675C1211EE8E5A800A6B78E /* Assets.xcassets in Resources */,
			);
			runOnlyForDeploymentPostprocessing = 0;
		};
/* End PBXResourcesBuildPhase section */

/* Begin PBXShellScriptBuildPhase section */
		001B922CAF5CB782CEC9ABCF /* [CP] Embed Pods Frameworks */ = {
			isa = PBXShellScriptBuildPhase;
			buildActionMask = 2147483647;
			files = (
			);
			inputPaths = (
			);
			name = "[CP] Embed Pods Frameworks";
			outputPaths = (
			);
			runOnlyForDeploymentPostprocessing = 0;
			shellPath = /bin/sh;
			shellScript = "\"${SRCROOT}/Pods/Target Support Files/Pods-TestPods/Pods-TestPods-frameworks.sh\"\n";
			showEnvVarsInLog = 0;
		};
		6AC10B35560F8CF79D38DF45 /* [CP] Check Pods Manifest.lock */ = {
			isa = PBXShellScriptBuildPhase;
			buildActionMask = 2147483647;
			files = (
			);
			inputPaths = (
			);
			name = "[CP] Check Pods Manifest.lock";
			outputPaths = (
			);
			runOnlyForDeploymentPostprocessing = 0;
			shellPath = /bin/sh;
			shellScript = "diff \"${PODS_PODFILE_DIR_PATH}/Podfile.lock\" \"${PODS_ROOT}/Manifest.lock\" > /dev/null\nif [ $? != 0 ] ; then\n    # print error to STDERR\n    echo \"error: The sandbox is not in sync with the Podfile.lock. Run 'pod install' or update your CocoaPods installation.\" >&2\n    exit 1\nfi\n";
			showEnvVarsInLog = 0;
		};
		EACC02A94EBD78D7E1070540 /* [CP] Copy Pods Resources */ = {
			isa = PBXShellScriptBuildPhase;
			buildActionMask = 2147483647;
			files = (
			);
			inputPaths = (
			);
			name = "[CP] Copy Pods Resources";
			outputPaths = (
			);
			runOnlyForDeploymentPostprocessing = 0;
			shellPath = /bin/sh;
			shellScript = "\"${SRCROOT}/Pods/Target Support Files/Pods-TestPods/Pods-TestPods-resources.sh\"\n";
			showEnvVarsInLog = 0;
		};
/* End PBXShellScriptBuildPhase section */

/* Begin PBXSourcesBuildPhase section */
		9675C10D1EE8E5A800A6B78E /* Sources */ = {
			isa = PBXSourcesBuildPhase;
			buildActionMask = 2147483647;
			files = (
				9675C11C1EE8E5A800A6B78E /* ViewController.m in Sources */,
				9675C1191EE8E5A800A6B78E /* AppDelegate.m in Sources */,
				9675C1161EE8E5A800A6B78E /* main.m in Sources */,
			);
			runOnlyForDeploymentPostprocessing = 0;
		};
/* End PBXSourcesBuildPhase section */

/* Begin XCBuildConfiguration section */
		9675C1261EE8E5A900A6B78E /* Debug */ = {
			isa = XCBuildConfiguration;
			buildSettings = {
				ALWAYS_SEARCH_USER_PATHS = NO;
				CLANG_ANALYZER_NONNULL = YES;
				CLANG_CXX_LANGUAGE_STANDARD = "gnu++0x";
				CLANG_CXX_LIBRARY = "libc++";
				CLANG_ENABLE_MODULES = YES;
				CLANG_ENABLE_OBJC_ARC = YES;
				CLANG_WARN_BOOL_CONVERSION = YES;
				CLANG_WARN_CONSTANT_CONVERSION = YES;
				CLANG_WARN_DIRECT_OBJC_ISA_USAGE = YES_ERROR;
				CLANG_WARN_DOCUMENTATION_COMMENTS = YES;
				CLANG_WARN_EMPTY_BODY = YES;
				CLANG_WARN_ENUM_CONVERSION = YES;
				CLANG_WARN_INFINITE_RECURSION = YES;
				CLANG_WARN_INT_CONVERSION = YES;
				CLANG_WARN_OBJC_ROOT_CLASS = YES_ERROR;
				CLANG_WARN_SUSPICIOUS_MOVE = YES;
				CLANG_WARN_UNREACHABLE_CODE = YES;
				CLANG_WARN__DUPLICATE_METHOD_MATCH = YES;
				"CODE_SIGN_IDENTITY[sdk=iphoneos*]" = "iPhone Developer";
				COPY_PHASE_STRIP = NO;
				DEBUG_INFORMATION_FORMAT = dwarf;
				ENABLE_STRICT_OBJC_MSGSEND = YES;
				ENABLE_TESTABILITY = YES;
				GCC_C_LANGUAGE_STANDARD = gnu99;
				GCC_DYNAMIC_NO_PIC = NO;
				GCC_NO_COMMON_BLOCKS = YES;
				GCC_OPTIMIZATION_LEVEL = 0;
				GCC_PREPROCESSOR_DEFINITIONS = (
					"DEBUG=1",
					"$(inherited)",
				);
				GCC_WARN_64_TO_32_BIT_CONVERSION = YES;
				GCC_WARN_ABOUT_RETURN_TYPE = YES_ERROR;
				GCC_WARN_UNDECLARED_SELECTOR = YES;
				GCC_WARN_UNINITIALIZED_AUTOS = YES_AGGRESSIVE;
				GCC_WARN_UNUSED_FUNCTION = YES;
				GCC_WARN_UNUSED_VARIABLE = YES;
				IPHONEOS_DEPLOYMENT_TARGET = 10.2;
				MTL_ENABLE_DEBUG_INFO = YES;
				ONLY_ACTIVE_ARCH = YES;
				SDKROOT = iphoneos;
			};
			name = Debug;
		};
		9675C1271EE8E5A900A6B78E /* Release */ = {
			isa = XCBuildConfiguration;
			buildSettings = {
				ALWAYS_SEARCH_USER_PATHS = NO;
				CLANG_ANALYZER_NONNULL = YES;
				CLANG_CXX_LANGUAGE_STANDARD = "gnu++0x";
				CLANG_CXX_LIBRARY = "libc++";
				CLANG_ENABLE_MODULES = YES;
				CLANG_ENABLE_OBJC_ARC = YES;
				CLANG_WARN_BOOL_CONVERSION = YES;
				CLANG_WARN_CONSTANT_CONVERSION = YES;
				CLANG_WARN_DIRECT_OBJC_ISA_USAGE = YES_ERROR;
				CLANG_WARN_DOCUMENTATION_COMMENTS = YES;
				CLANG_WARN_EMPTY_BODY = YES;
				CLANG_WARN_ENUM_CONVERSION = YES;
				CLANG_WARN_INFINITE_RECURSION = YES;
				CLANG_WARN_INT_CONVERSION = YES;
				CLANG_WARN_OBJC_ROOT_CLASS = YES_ERROR;
				CLANG_WARN_SUSPICIOUS_MOVE = YES;
				CLANG_WARN_UNREACHABLE_CODE = YES;
				CLANG_WARN__DUPLICATE_METHOD_MATCH = YES;
				"CODE_SIGN_IDENTITY[sdk=iphoneos*]" = "iPhone Developer";
				COPY_PHASE_STRIP = NO;
				DEBUG_INFORMATION_FORMAT = "dwarf-with-dsym";
				ENABLE_NS_ASSERTIONS = NO;
				ENABLE_STRICT_OBJC_MSGSEND = YES;
				GCC_C_LANGUAGE_STANDARD = gnu99;
				GCC_NO_COMMON_BLOCKS = YES;
				GCC_WARN_64_TO_32_BIT_CONVERSION = YES;
				GCC_WARN_ABOUT_RETURN_TYPE = YES_ERROR;
				GCC_WARN_UNDECLARED_SELECTOR = YES;
				GCC_WARN_UNINITIALIZED_AUTOS = YES_AGGRESSIVE;
				GCC_WARN_UNUSED_FUNCTION = YES;
				GCC_WARN_UNUSED_VARIABLE = YES;
				IPHONEOS_DEPLOYMENT_TARGET = 10.2;
				MTL_ENABLE_DEBUG_INFO = NO;
				SDKROOT = iphoneos;
				VALIDATE_PRODUCT = YES;
			};
			name = Release;
		};
		9675C1291EE8E5A900A6B78E /* Debug */ = {
			isa = XCBuildConfiguration;
			baseConfigurationReference = AE22A66A585FDC6B498CC83A /* Pods-TestPods.debug.xcconfig */;
			buildSettings = {
				ASSETCATALOG_COMPILER_APPICON_NAME = AppIcon;
				ASSETCATALOG_COMPILER_LAUNCHIMAGE_NAME = LaunchImage;
				CODE_SIGN_IDENTITY = "iPhone Developer";
				DEVELOPMENT_TEAM = NK22HY3LBA;
				INFOPLIST_FILE = TestPods/Info.plist;
				IPHONEOS_DEPLOYMENT_TARGET = 9.0;
				LD_RUNPATH_SEARCH_PATHS = "$(inherited) @executable_path/Frameworks";
				PRODUCT_BUNDLE_IDENTIFIER = com.letv.iphone.client;
				PRODUCT_NAME = "$(TARGET_NAME)";
			};
			name = Debug;
		};
		9675C12A1EE8E5A900A6B78E /* Release */ = {
			isa = XCBuildConfiguration;
			baseConfigurationReference = 6A0A3F95BABD4CDB395069E2 /* Pods-TestPods.release.xcconfig */;
			buildSettings = {
				ASSETCATALOG_COMPILER_APPICON_NAME = AppIcon;
				ASSETCATALOG_COMPILER_LAUNCHIMAGE_NAME = LaunchImage;
				CODE_SIGN_IDENTITY = "iPhone Developer";
				DEVELOPMENT_TEAM = NK22HY3LBA;
				INFOPLIST_FILE = TestPods/Info.plist;
				IPHONEOS_DEPLOYMENT_TARGET = 9.0;
				LD_RUNPATH_SEARCH_PATHS = "$(inherited) @executable_path/Frameworks";
				PRODUCT_BUNDLE_IDENTIFIER = com.letv.iphone.client;
				PRODUCT_NAME = "$(TARGET_NAME)";
			};
			name = Release;
		};
/* End XCBuildConfiguration section */

/* Begin XCConfigurationList section */
		9675C10C1EE8E5A800A6B78E /* Build configuration list for PBXProject "TestPods" */ = {
			isa = XCConfigurationList;
			buildConfigurations = (
				9675C1261EE8E5A900A6B78E /* Debug */,
				9675C1271EE8E5A900A6B78E /* Release */,
			);
			defaultConfigurationIsVisible = 0;
			defaultConfigurationName = Release;
		};
		9675C1281EE8E5A900A6B78E /* Build configuration list for PBXNativeTarget "TestPods" */ = {
			isa = XCConfigurationList;
			buildConfigurations = (
				9675C1291EE8E5A900A6B78E /* Debug */,
				9675C12A1EE8E5A900A6B78E /* Release */,
			);
			defaultConfigurationIsVisible = 0;
			defaultConfigurationName = Release;
		};
/* End XCConfigurationList section */
	};
	rootObject = 9675C1091EE8E5A800A6B78E /* Project object */;
}
