PODS:
  - AFNetworking (3.1.0):
    - AFNetworking/NSURLSession (= 3.1.0)
    - AFNetworking/Reachability (= 3.1.0)
    - AFNetworking/Security (= 3.1.0)
    - AFNetworking/Serialization (= 3.1.0)
    - AFNetworking/UIKit (= 3.1.0)
  - AFNetworking/NSURLSession (3.1.0):
    - AFNetworking/Reachability
    - AFNetworking/Security
    - AFNetworking/Serialization
  - AFNetworking/Reachability (3.1.0)
  - AFNetworking/Security (3.1.0)
  - AFNetworking/Serialization (3.1.0)
  - AFNetworking/UIKit (3.1.0):
    - AFNetworking/NSURLSession
  - SDWebImage (4.0.0):
    - SDWebImage/Core (= 4.0.0)
  - SDWebImage/Core (4.0.0)
  - testcocoapods3 (0.0.1)

DEPENDENCIES:
  - AFNetworking
  - SDWebImage
  - testcocoapods3

SPEC CHECKSUMS:
  AFNetworking: 5e0e199f73d8626b11e79750991f5d173d1f8b67
  SDWebImage: 76a6348bdc74eb5a55dd08a091ef298e56b55e41
  testcocoapods3: 7f4f6903ae4e7b9bcaf7c1687fcc0e251dd24adc

PODFILE CHECKSUM: ff8bf7c6b9dac079d94eb2e89af21cbadd23128a

COCOAPODS: 1.2.1
